# This file is automatically @generated by Cargo.
# It is not intended for manual editing.
version = 3

[[package]]
name = "ac-ffmpeg"
version = "0.18.1"
source = "registry+https://github.com/rust-lang/crates.io-index"
checksum = "43d1d77cd9038693a0551d28ccb8bd5c542e54017673bf9af780f7a3ca6da37c"
dependencies = [
 "cc",
 "lazy_static",
 "pkg-config",
]

[[package]]
name = "ac-ffmpeg-test"
version = "0.1.0"
dependencies = [
 "ac-ffmpeg",
]

[[package]]
name = "cc"
version = "1.0.78"
source = "registry+https://github.com/rust-lang/crates.io-index"
checksum = "a20104e2335ce8a659d6dd92a51a767a0c062599c73b343fd152cb401e828c3d"

[[package]]
name = "lazy_static"
version = "1.4.0"
source = "registry+https://github.com/rust-lang/crates.io-index"
checksum = "e2abad23fbc42b3700f2f279844dc832adb2b2eb069b2df918f455c4e18cc646"

[[package]]
name = "pkg-config"
version = "0.3.26"
source = "registry+https://github.com/rust-lang/crates.io-index"
checksum = "6ac9a59f73473f1b8d852421e59e64809f025994837ef743615c6d0c5b305160"
